
Microsoft Visual Studio Solution File, Format Version 12.00
# Visual Studio Version 16
VisualStudioVersion = 16.0.31229.75
MinimumVisualStudioVersion = 10.0.40219.1
Project("{FAE04EC0-301F-11D3-BF4B-00C04F79EFBC}") = "VietChamLearn_BuiVanChat_18607075", "VietChamLearn_BuiVanChat_18607075\VietChamLearn_BuiVanChat_18607075.csproj", "{ACE78A13-FA1A-46B7-A0E9-4E1F6FCDDAE6}"
EndProject
Global
	GlobalSection(SolutionConfigurationPlatforms) = preSolution
		Debug|Any CPU = Debug|Any CPU
		Release|Any CPU = Release|Any CPU
	EndGlobalSection
	GlobalSection(ProjectConfigurationPlatforms) = postSolution
		{ACE78A13-FA1A-46B7-A0E9-4E1F6FCDDAE6}.Debug|Any CPU.ActiveCfg = Debug|Any CPU
		{ACE78A13-FA1A-46B7-A0E9-4E1F6FCDDAE6}.Debug|Any CPU.Build.0 = Debug|Any CPU
		{ACE78A13-FA1A-46B7-A0E9-4E1F6FCDDAE6}.Release|Any CPU.ActiveCfg = Release|Any CPU
		{ACE78A13-FA1A-46B7-A0E9-4E1F6FCDDAE6}.Release|Any CPU.Build.0 = Release|Any CPU
	EndGlobalSection
	GlobalSection(SolutionProperties) = preSolution
		HideSolutionNode = FALSE
	EndGlobalSection
	GlobalSection(ExtensibilityGlobals) = postSolution
		SolutionGuid = {9AB36BD8-62A7-4A44-BB91-D91089FCBEED}
	EndGlobalSection
EndGlobal
